
Microsoft Visual Studio Solution File, Format Version 12.00
# Visual Studio 15
VisualStudioVersion = 15.0.27428.2043
MinimumVisualStudioVersion = 10.0.40219.1
Project("{FAE04EC0-301F-11D3-BF4B-00C04F79EFBC}") = "JobMatcher.Api", "JobMatcher.Api\JobMatcher.Api.csproj", "{C8FDC8A8-3BB8-4E3D-A2F4-112EF7516202}"
EndProject
Project("{FAE04EC0-301F-11D3-BF4B-00C04F79EFBC}") = "JobAdder.Application", "JobAdder.Application\JobAdder.Application.csproj", "{A381BFDA-1B08-4C9F-8FC3-0F173AF2C81D}"
EndProject
Project("{FAE04EC0-301F-11D3-BF4B-00C04F79EFBC}") = "JobAdder.Domain", "JobAdder.Domain\JobAdder.Domain.csproj", "{E7C27AE4-51EF-40ED-8387-F22AED687C0B}"
EndProject
Project("{FAE04EC0-301F-11D3-BF4B-00C04F79EFBC}") = "JobAdder.Infrastructure", "JobAdder.Infrastructure\JobAdder.Infrastructure.csproj", "{4823C40F-92A8-4623-AFF3-8C0688AB45A3}"
EndProject
Global
	GlobalSection(SolutionConfigurationPlatforms) = preSolution
		Debug|Any CPU = Debug|Any CPU
		Release|Any CPU = Release|Any CPU
	EndGlobalSection
	GlobalSection(ProjectConfigurationPlatforms) = postSolution
		{C8FDC8A8-3BB8-4E3D-A2F4-112EF7516202}.Debug|Any CPU.ActiveCfg = Debug|Any CPU
		{C8FDC8A8-3BB8-4E3D-A2F4-112EF7516202}.Debug|Any CPU.Build.0 = Debug|Any CPU
		{C8FDC8A8-3BB8-4E3D-A2F4-112EF7516202}.Release|Any CPU.ActiveCfg = Release|Any CPU
		{C8FDC8A8-3BB8-4E3D-A2F4-112EF7516202}.Release|Any CPU.Build.0 = Release|Any CPU
		{A381BFDA-1B08-4C9F-8FC3-0F173AF2C81D}.Debug|Any CPU.ActiveCfg = Debug|Any CPU
		{A381BFDA-1B08-4C9F-8FC3-0F173AF2C81D}.Debug|Any CPU.Build.0 = Debug|Any CPU
		{A381BFDA-1B08-4C9F-8FC3-0F173AF2C81D}.Release|Any CPU.ActiveCfg = Release|Any CPU
		{A381BFDA-1B08-4C9F-8FC3-0F173AF2C81D}.Release|Any CPU.Build.0 = Release|Any CPU
		{E7C27AE4-51EF-40ED-8387-F22AED687C0B}.Debug|Any CPU.ActiveCfg = Debug|Any CPU
		{E7C27AE4-51EF-40ED-8387-F22AED687C0B}.Debug|Any CPU.Build.0 = Debug|Any CPU
		{E7C27AE4-51EF-40ED-8387-F22AED687C0B}.Release|Any CPU.ActiveCfg = Release|Any CPU
		{E7C27AE4-51EF-40ED-8387-F22AED687C0B}.Release|Any CPU.Build.0 = Release|Any CPU
		{4823C40F-92A8-4623-AFF3-8C0688AB45A3}.Debug|Any CPU.ActiveCfg = Debug|Any CPU
		{4823C40F-92A8-4623-AFF3-8C0688AB45A3}.Debug|Any CPU.Build.0 = Debug|Any CPU
		{4823C40F-92A8-4623-AFF3-8C0688AB45A3}.Release|Any CPU.ActiveCfg = Release|Any CPU
		{4823C40F-92A8-4623-AFF3-8C0688AB45A3}.Release|Any CPU.Build.0 = Release|Any CPU
	EndGlobalSection
	GlobalSection(SolutionProperties) = preSolution
		HideSolutionNode = FALSE
	EndGlobalSection
	GlobalSection(ExtensibilityGlobals) = postSolution
		SolutionGuid = {36F606C0-3BC4-4821-B4A7-BC278C039070}
	EndGlobalSection
	GlobalSection(NestedProjects) = preSolution
	EndGlobalSection
EndGlobal
